
Microsoft Visual Studio Solution File, Format Version 12.00
# Visual Studio Version 17
VisualStudioVersion = 17.11.35312.102
MinimumVisualStudioVersion = 10.0.40219.1
Project("{FAE04EC0-301F-11D3-BF4B-00C04F79EFBC}") = "Practica5.01", "Practica5.01\Practica5.01.csproj", "{59114B14-CE57-492F-8E59-3A2B38477876}"
EndProject
Global
	GlobalSection(SolutionConfigurationPlatforms) = preSolution
		Debug|Any CPU = Debug|Any CPU
		Release|Any CPU = Release|Any CPU
	EndGlobalSection
	GlobalSection(ProjectConfigurationPlatforms) = postSolution
		{59114B14-CE57-492F-8E59-3A2B38477876}.Debug|Any CPU.ActiveCfg = Debug|Any CPU
		{59114B14-CE57-492F-8E59-3A2B38477876}.Debug|Any CPU.Build.0 = Debug|Any CPU
		{59114B14-CE57-492F-8E59-3A2B38477876}.Release|Any CPU.ActiveCfg = Release|Any CPU
		{59114B14-CE57-492F-8E59-3A2B38477876}.Release|Any CPU.Build.0 = Release|Any CPU
	EndGlobalSection
	GlobalSection(SolutionProperties) = preSolution
		HideSolutionNode = FALSE
	EndGlobalSection
	GlobalSection(ExtensibilityGlobals) = postSolution
		SolutionGuid = {56D3C16C-19D8-4A04-A07B-2DF9440E3518}
	EndGlobalSection
EndGlobal
